// !$*UTF8*$!
{
	archiveVersion = 1;
	classes = {
	};
	objectVersion = 46;
	objects = {

/* Begin PBXBuildFile section */
		524691041CDC4D000004618B /* main.m in Sources */ = {isa = PBXBuildFile; fileRef = 524691031CDC4D000004618B /* main.m */; };
		524691071CDC4D000004618B /* AppDelegate.m in Sources */ = {isa = PBXBuildFile; fileRef = 524691061CDC4D000004618B /* AppDelegate.m */; };
		5246910A1CDC4D000004618B /* ViewController.m in Sources */ = {isa = PBXBuildFile; fileRef = 524691091CDC4D000004618B /* ViewController.m */; };
		5246910D1CDC4D000004618B /* Main.storyboard in Resources */ = {isa = PBXBuildFile; fileRef = 5246910B1CDC4D000004618B /* Main.storyboard */; };
		5246910F1CDC4D000004618B /* Assets.xcassets in Resources */ = {isa = PBXBuildFile; fileRef = 5246910E1CDC4D000004618B /* Assets.xcassets */; };
		524691121CDC4D000004618B /* LaunchScreen.storyboard in Resources */ = {isa = PBXBuildFile; fileRef = 524691101CDC4D000004618B /* LaunchScreen.storyboard */; };
		5246911B1CDC4FC80004618B /* CKScanHelper.m in Sources */ = {isa = PBXBuildFile; fileRef = 5246911A1CDC4FC80004618B /* CKScanHelper.m */; };
/* End PBXBuildFile section */

/* Begin PBXFileReference section */
		524690FF1CDC4CFF0004618B /* IOS7使用原生API进行二维码和条形码的扫描.app */ = {isa = PBXFileReference; explicitFileType = wrapper.application; includeInIndex = 0; path = "IOS7使用原生API进行二维码和条形码的扫描.app"; sourceTree = BUILT_PRODUCTS_DIR; };
		524691031CDC4D000004618B /* main.m */ = {isa = PBXFileReference; lastKnownFileType = sourcecode.c.objc; path = main.m; sourceTree = "<group>"; };
		524691051CDC4D000004618B /* AppDelegate.h */ = {isa = PBXFileReference; lastKnownFileType = sourcecode.c.h; path = AppDelegate.h; sourceTree = "<group>"; };
		524691061CDC4D000004618B /* AppDelegate.m */ = {isa = PBXFileReference; lastKnownFileType = sourcecode.c.objc; path = AppDelegate.m; sourceTree = "<group>"; };
		524691081CDC4D000004618B /* ViewController.h */ = {isa = PBXFileReference; lastKnownFileType = sourcecode.c.h; path = ViewController.h; sourceTree = "<group>"; };
		524691091CDC4D000004618B /* ViewController.m */ = {isa = PBXFileReference; lastKnownFileType = sourcecode.c.objc; path = ViewController.m; sourceTree = "<group>"; };
		5246910C1CDC4D000004618B /* Base */ = {isa = PBXFileReference; lastKnownFileType = file.storyboard; name = Base; path = Base.lproj/Main.storyboard; sourceTree = "<group>"; };
		5246910E1CDC4D000004618B /* Assets.xcassets */ = {isa = PBXFileReference; lastKnownFileType = folder.assetcatalog; path = Assets.xcassets; sourceTree = "<group>"; };
		524691111CDC4D000004618B /* Base */ = {isa = PBXFileReference; lastKnownFileType = file.storyboard; name = Base; path = Base.lproj/LaunchScreen.storyboard; sourceTree = "<group>"; };
		524691131CDC4D000004618B /* Info.plist */ = {isa = PBXFileReference; lastKnownFileType = text.plist.xml; path = Info.plist; sourceTree = "<group>"; };
		524691191CDC4FC80004618B /* CKScanHelper.h */ = {isa = PBXFileReference; fileEncoding = 4; lastKnownFileType = sourcecode.c.h; path = CKScanHelper.h; sourceTree = "<group>"; };
		5246911A1CDC4FC80004618B /* CKScanHelper.m */ = {isa = PBXFileReference; fileEncoding = 4; lastKnownFileType = sourcecode.c.objc; path = CKScanHelper.m; sourceTree = "<group>"; };
/* End PBXFileReference section */

/* Begin PBXFrameworksBuildPhase section */
		524690FC1CDC4CFF0004618B /* Frameworks */ = {
			isa = PBXFrameworksBuildPhase;
			buildActionMask = 2147483647;
			files = (
			);
			runOnlyForDeploymentPostprocessing = 0;
		};
/* End PBXFrameworksBuildPhase section */

/* Begin PBXGroup section */
		524690F61CDC4CFF0004618B = {
			isa = PBXGroup;
			children = (
				524691191CDC4FC80004618B /* CKScanHelper.h */,
				5246911A1CDC4FC80004618B /* CKScanHelper.m */,
				524691011CDC4D000004618B /* IOS7使用原生API进行二维码和条形码的扫描 */,
				524691001CDC4CFF0004618B /* Products */,
			);
			sourceTree = "<group>";
		};
		524691001CDC4CFF0004618B /* Products */ = {
			isa = PBXGroup;
			children = (
				524690FF1CDC4CFF0004618B /* IOS7使用原生API进行二维码和条形码的扫描.app */,
			);
			name = Products;
			sourceTree = "<group>";
		};
		524691011CDC4D000004618B /* IOS7使用原生API进行二维码和条形码的扫描 */ = {
			isa = PBXGroup;
			children = (
				524691051CDC4D000004618B /* AppDelegate.h */,
				524691061CDC4D000004618B /* AppDelegate.m */,
				524691081CDC4D000004618B /* ViewController.h */,
				524691091CDC4D000004618B /* ViewController.m */,
				5246910B1CDC4D000004618B /* Main.storyboard */,
				5246910E1CDC4D000004618B /* Assets.xcassets */,
				524691101CDC4D000004618B /* LaunchScreen.storyboard */,
				524691131CDC4D000004618B /* Info.plist */,
				524691021CDC4D000004618B /* Supporting Files */,
			);
			path = "IOS7使用原生API进行二维码和条形码的扫描";
			sourceTree = "<group>";
		};
		524691021CDC4D000004618B /* Supporting Files */ = {
			isa = PBXGroup;
			children = (
				524691031CDC4D000004618B /* main.m */,
			);
			name = "Supporting Files";
			sourceTree = "<group>";
		};
/* End PBXGroup section */

/* Begin PBXNativeTarget section */
		524690FE1CDC4CFF0004618B /* IOS7使用原生API进行二维码和条形码的扫描 */ = {
			isa = PBXNativeTarget;
			buildConfigurationList = 524691161CDC4D000004618B /* Build configuration list for PBXNativeTarget "IOS7使用原生API进行二维码和条形码的扫描" */;
			buildPhases = (
				524690FB1CDC4CFF0004618B /* Sources */,
				524690FC1CDC4CFF0004618B /* Frameworks */,
				524690FD1CDC4CFF0004618B /* Resources */,
			);
			buildRules = (
			);
			dependencies = (
			);
			name = "IOS7使用原生API进行二维码和条形码的扫描";
			productName = "IOS7使用原生API进行二维码和条形码的扫描";
			productReference = 524690FF1CDC4CFF0004618B /* IOS7使用原生API进行二维码和条形码的扫描.app */;
			productType = "com.apple.product-type.application";
		};
/* End PBXNativeTarget section */

/* Begin PBXProject section */
		524690F71CDC4CFF0004618B /* Project object */ = {
			isa = PBXProject;
			attributes = {
				LastUpgradeCheck = 0730;
				ORGANIZATIONNAME = Seejoys;
				TargetAttributes = {
					524690FE1CDC4CFF0004618B = {
						CreatedOnToolsVersion = 7.3;
					};
				};
			};
			buildConfigurationList = 524690FA1CDC4CFF0004618B /* Build configuration list for PBXProject "IOS7使用原生API进行二维码和条形码的扫描" */;
			compatibilityVersion = "Xcode 3.2";
			developmentRegion = English;
			hasScannedForEncodings = 0;
			knownRegions = (
				en,
				Base,
			);
			mainGroup = 524690F61CDC4CFF0004618B;
			productRefGroup = 524691001CDC4CFF0004618B /* Products */;
			projectDirPath = "";
			projectRoot = "";
			targets = (
				524690FE1CDC4CFF0004618B /* IOS7使用原生API进行二维码和条形码的扫描 */,
			);
		};
/* End PBXProject section */

/* Begin PBXResourcesBuildPhase section */
		524690FD1CDC4CFF0004618B /* Resources */ = {
			isa = PBXResourcesBuildPhase;
			buildActionMask = 2147483647;
			files = (
				524691121CDC4D000004618B /* LaunchScreen.storyboard in Resources */,
				5246910F1CDC4D000004618B /* Assets.xcassets in Resources */,
				5246910D1CDC4D000004618B /* Main.storyboard in Resources */,
			);
			runOnlyForDeploymentPostprocessing = 0;
		};
/* End PBXResourcesBuildPhase section */

/* Begin PBXSourcesBuildPhase section */
		524690FB1CDC4CFF0004618B /* Sources */ = {
			isa = PBXSourcesBuildPhase;
			buildActionMask = 2147483647;
			files = (
				5246911B1CDC4FC80004618B /* CKScanHelper.m in Sources */,
				5246910A1CDC4D000004618B /* ViewController.m in Sources */,
				524691071CDC4D000004618B /* AppDelegate.m in Sources */,
				524691041CDC4D000004618B /* main.m in Sources */,
			);
			runOnlyForDeploymentPostprocessing = 0;
		};
/* End PBXSourcesBuildPhase section */

/* Begin PBXVariantGroup section */
		5246910B1CDC4D000004618B /* Main.storyboard */ = {
			isa = PBXVariantGroup;
			children = (
				5246910C1CDC4D000004618B /* Base */,
			);
			name = Main.storyboard;
			sourceTree = "<group>";
		};
		524691101CDC4D000004618B /* LaunchScreen.storyboard */ = {
			isa = PBXVariantGroup;
			children = (
				524691111CDC4D000004618B /* Base */,
			);
			name = LaunchScreen.storyboard;
			sourceTree = "<group>";
		};
/* End PBXVariantGroup section */

/* Begin XCBuildConfiguration section */
		524691141CDC4D000004618B /* Debug */ = {
			isa = XCBuildConfiguration;
			buildSettings = {
				ALWAYS_SEARCH_USER_PATHS = NO;
				CLANG_ANALYZER_NONNULL = YES;
				CLANG_CXX_LANGUAGE_STANDARD = "gnu++0x";
				CLANG_CXX_LIBRARY = "libc++";
				CLANG_ENABLE_MODULES = YES;
				CLANG_ENABLE_OBJC_ARC = YES;
				CLANG_WARN_BOOL_CONVERSION = YES;
				CLANG_WARN_CONSTANT_CONVERSION = YES;
				CLANG_WARN_DIRECT_OBJC_ISA_USAGE = YES_ERROR;
				CLANG_WARN_EMPTY_BODY = YES;
				CLANG_WARN_ENUM_CONVERSION = YES;
				CLANG_WARN_INT_CONVERSION = YES;
				CLANG_WARN_OBJC_ROOT_CLASS = YES_ERROR;
				CLANG_WARN_UNREACHABLE_CODE = YES;
				CLANG_WARN__DUPLICATE_METHOD_MATCH = YES;
				"CODE_SIGN_IDENTITY[sdk=iphoneos*]" = "iPhone Developer";
				COPY_PHASE_STRIP = NO;
				DEBUG_INFORMATION_FORMAT = dwarf;
				ENABLE_STRICT_OBJC_MSGSEND = YES;
				ENABLE_TESTABILITY = YES;
				GCC_C_LANGUAGE_STANDARD = gnu99;
				GCC_DYNAMIC_NO_PIC = NO;
				GCC_NO_COMMON_BLOCKS = YES;
				GCC_OPTIMIZATION_LEVEL = 0;
				GCC_PREPROCESSOR_DEFINITIONS = (
					"DEBUG=1",
					"$(inherited)",
				);
				GCC_WARN_64_TO_32_BIT_CONVERSION = YES;
				GCC_WARN_ABOUT_RETURN_TYPE = YES_ERROR;
				GCC_WARN_UNDECLARED_SELECTOR = YES;
				GCC_WARN_UNINITIALIZED_AUTOS = YES_AGGRESSIVE;
				GCC_WARN_UNUSED_FUNCTION = YES;
				GCC_WARN_UNUSED_VARIABLE = YES;
				IPHONEOS_DEPLOYMENT_TARGET = 8.0;
				MTL_ENABLE_DEBUG_INFO = YES;
				ONLY_ACTIVE_ARCH = YES;
				SDKROOT = iphoneos;
			};
			name = Debug;
		};
		524691151CDC4D000004618B /* Release */ = {
			isa = XCBuildConfiguration;
			buildSettings = {
				ALWAYS_SEARCH_USER_PATHS = NO;
				CLANG_ANALYZER_NONNULL = YES;
				CLANG_CXX_LANGUAGE_STANDARD = "gnu++0x";
				CLANG_CXX_LIBRARY = "libc++";
				CLANG_ENABLE_MODULES = YES;
				CLANG_ENABLE_OBJC_ARC = YES;
				CLANG_WARN_BOOL_CONVERSION = YES;
				CLANG_WARN_CONSTANT_CONVERSION = YES;
				CLANG_WARN_DIRECT_OBJC_ISA_USAGE = YES_ERROR;
				CLANG_WARN_EMPTY_BODY = YES;
				CLANG_WARN_ENUM_CONVERSION = YES;
				CLANG_WARN_INT_CONVERSION = YES;
				CLANG_WARN_OBJC_ROOT_CLASS = YES_ERROR;
				CLANG_WARN_UNREACHABLE_CODE = YES;
				CLANG_WARN__DUPLICATE_METHOD_MATCH = YES;
				"CODE_SIGN_IDENTITY[sdk=iphoneos*]" = "iPhone Developer";
				COPY_PHASE_STRIP = NO;
				DEBUG_INFORMATION_FORMAT = "dwarf-with-dsym";
				ENABLE_NS_ASSERTIONS = NO;
				ENABLE_STRICT_OBJC_MSGSEND = YES;
				GCC_C_LANGUAGE_STANDARD = gnu99;
				GCC_NO_COMMON_BLOCKS = YES;
				GCC_WARN_64_TO_32_BIT_CONVERSION = YES;
				GCC_WARN_ABOUT_RETURN_TYPE = YES_ERROR;
				GCC_WARN_UNDECLARED_SELECTOR = YES;
				GCC_WARN_UNINITIALIZED_AUTOS = YES_AGGRESSIVE;
				GCC_WARN_UNUSED_FUNCTION = YES;
				GCC_WARN_UNUSED_VARIABLE = YES;
				IPHONEOS_DEPLOYMENT_TARGET = 8.0;
				MTL_ENABLE_DEBUG_INFO = NO;
				SDKROOT = iphoneos;
				VALIDATE_PRODUCT = YES;
			};
			name = Release;
		};
		524691171CDC4D000004618B /* Debug */ = {
			isa = XCBuildConfiguration;
			buildSettings = {
				ASSETCATALOG_COMPILER_APPICON_NAME = AppIcon;
				INFOPLIST_FILE = "IOS7使用原生API进行二维码和条形码的扫描/Info.plist";
				LD_RUNPATH_SEARCH_PATHS = "$(inherited) @executable_path/Frameworks";
				PRODUCT_BUNDLE_IDENTIFIER = "com.seejoys.iOS7-Scan";
				PRODUCT_NAME = "$(TARGET_NAME)";
			};
			name = Debug;
		};
		524691181CDC4D000004618B /* Release */ = {
			isa = XCBuildConfiguration;
			buildSettings = {
				ASSETCATALOG_COMPILER_APPICON_NAME = AppIcon;
				INFOPLIST_FILE = "IOS7使用原生API进行二维码和条形码的扫描/Info.plist";
				LD_RUNPATH_SEARCH_PATHS = "$(inherited) @executable_path/Frameworks";
				PRODUCT_BUNDLE_IDENTIFIER = "com.seejoys.iOS7-Scan";
				PRODUCT_NAME = "$(TARGET_NAME)";
			};
			name = Release;
		};
/* End XCBuildConfiguration section */

/* Begin XCConfigurationList section */
		524690FA1CDC4CFF0004618B /* Build configuration list for PBXProject "IOS7使用原生API进行二维码和条形码的扫描" */ = {
			isa = XCConfigurationList;
			buildConfigurations = (
				524691141CDC4D000004618B /* Debug */,
				524691151CDC4D000004618B /* Release */,
			);
			defaultConfigurationIsVisible = 0;
			defaultConfigurationName = Release;
		};
		524691161CDC4D000004618B /* Build configuration list for PBXNativeTarget "IOS7使用原生API进行二维码和条形码的扫描" */ = {
			isa = XCConfigurationList;
			buildConfigurations = (
				524691171CDC4D000004618B /* Debug */,
				524691181CDC4D000004618B /* Release */,
			);
			defaultConfigurationIsVisible = 0;
			defaultConfigurationName = Release;
		};
/* End XCConfigurationList section */
	};
	rootObject = 524690F71CDC4CFF0004618B /* Project object */;
}
